
Microsoft Visual Studio Solution File, Format Version 12.00
# Visual Studio Version 17
VisualStudioVersion = 17.0.31903.59
MinimumVisualStudioVersion = 10.0.40219.1
Project("{FAE04EC0-301F-11D3-BF4B-00C04F79EFBC}") = "tinymessenger", "tinymessenger\tinymessenger.csproj", "{D3B59832-7A4E-45CC-8065-3096C4024DBB}"
EndProject
Project("{FAE04EC0-301F-11D3-BF4B-00C04F79EFBC}") = "tinymessenger.tests", "tinymessenger.tests\tinymessenger.tests.csproj", "{6C182875-1D0B-4F45-992C-AC55113FEBDF}"
EndProject
Global
	GlobalSection(SolutionConfigurationPlatforms) = preSolution
		Debug|Any CPU = Debug|Any CPU
		Release|Any CPU = Release|Any CPU
	EndGlobalSection
	GlobalSection(ProjectConfigurationPlatforms) = postSolution
		{D3B59832-7A4E-45CC-8065-3096C4024DBB}.Debug|Any CPU.ActiveCfg = Debug|Any CPU
		{D3B59832-7A4E-45CC-8065-3096C4024DBB}.Debug|Any CPU.Build.0 = Debug|Any CPU
		{D3B59832-7A4E-45CC-8065-3096C4024DBB}.Release|Any CPU.ActiveCfg = Release|Any CPU
		{D3B59832-7A4E-45CC-8065-3096C4024DBB}.Release|Any CPU.Build.0 = Release|Any CPU
		{6C182875-1D0B-4F45-992C-AC55113FEBDF}.Debug|Any CPU.ActiveCfg = Debug|Any CPU
		{6C182875-1D0B-4F45-992C-AC55113FEBDF}.Debug|Any CPU.Build.0 = Debug|Any CPU
		{6C182875-1D0B-4F45-992C-AC55113FEBDF}.Release|Any CPU.ActiveCfg = Release|Any CPU
		{6C182875-1D0B-4F45-992C-AC55113FEBDF}.Release|Any CPU.Build.0 = Release|Any CPU
	EndGlobalSection
	GlobalSection(SolutionProperties) = preSolution
		HideSolutionNode = FALSE
	EndGlobalSection
	GlobalSection(ExtensibilityGlobals) = postSolution
		SolutionGuid = {93A6BA0D-EBE9-4E2B-98B2-CFADCC366A54}
	EndGlobalSection
EndGlobal
